Microsoft Visual Studio Solution File, Format Version 12.00
# Visual Studio Version 16
VisualStudioVersion = 16.0.29215.179
MinimumVisualStudioVersion = 10.0.40219.1
Project("{9A19103F-16F7-4668-BE54-9A1E7A4F7556}") = "CS321_W4D2_ExerciseLogAPI", "CS321_W4D2_ExerciseLogAPI\CS321_W4D2_ExerciseLogAPI.csproj", "{ABA5FF78-BCA2-4226-9503-38356F4006A0}"
EndProject
Project("{FAE04EC0-301F-11D3-BF4B-00C04F79EFBC}") = "CS321_W4D2_ExerciseLogAPI.Core", "ExerciseLogAPI.Core\CS321_W4D2_ExerciseLogAPI.Core.csproj", "{32033C98-F991-4E9F-BF57-53745DB60AF2}"
EndProject
Project("{FAE04EC0-301F-11D3-BF4B-00C04F79EFBC}") = "CS321_W4D2_ExerciseLogAPI.Infrastructure", "CS321_W4D2_ExerciseLogAPI.Infrastructure\CS321_W4D2_ExerciseLogAPI.Infrastructure.csproj", "{EB3CD7A4-6711-416F-AB53-F277DD785ED7}"
EndProject
Global
	GlobalSection(SolutionConfigurationPlatforms) = preSolution
		Debug|Any CPU = Debug|Any CPU
		Release|Any CPU = Release|Any CPU
	EndGlobalSection
	GlobalSection(ProjectConfigurationPlatforms) = postSolution
		{ABA5FF78-BCA2-4226-9503-38356F4006A0}.Debug|Any CPU.ActiveCfg = Debug|Any CPU
		{ABA5FF78-BCA2-4226-9503-38356F4006A0}.Debug|Any CPU.Build.0 = Debug|Any CPU
		{ABA5FF78-BCA2-4226-9503-38356F4006A0}.Release|Any CPU.ActiveCfg = Release|Any CPU
		{ABA5FF78-BCA2-4226-9503-38356F4006A0}.Release|Any CPU.Build.0 = Release|Any CPU
		{32033C98-F991-4E9F-BF57-53745DB60AF2}.Debug|Any CPU.ActiveCfg = Debug|Any CPU
		{32033C98-F991-4E9F-BF57-53745DB60AF2}.Debug|Any CPU.Build.0 = Debug|Any CPU
		{32033C98-F991-4E9F-BF57-53745DB60AF2}.Release|Any CPU.ActiveCfg = Release|Any CPU
		{32033C98-F991-4E9F-BF57-53745DB60AF2}.Release|Any CPU.Build.0 = Release|Any CPU
		{EB3CD7A4-6711-416F-AB53-F277DD785ED7}.Debug|Any CPU.ActiveCfg = Debug|Any CPU
		{EB3CD7A4-6711-416F-AB53-F277DD785ED7}.Debug|Any CPU.Build.0 = Debug|Any CPU
		{EB3CD7A4-6711-416F-AB53-F277DD785ED7}.Release|Any CPU.ActiveCfg = Release|Any CPU
		{EB3CD7A4-6711-416F-AB53-F277DD785ED7}.Release|Any CPU.Build.0 = Release|Any CPU
	EndGlobalSection
	GlobalSection(SolutionProperties) = preSolution
		HideSolutionNode = FALSE
	EndGlobalSection
	GlobalSection(ExtensibilityGlobals) = postSolution
		SolutionGuid = {C27C8352-ACB0-41F2-9D65-6156186EDD0A}
	EndGlobalSection
EndGlobal
