Microsoft Visual Studio Solution File, Format Version 12.00
# Visual Studio Version 16
VisualStudioVersion = 16.0.28803.352
MinimumVisualStudioVersion = 10.0.40219.1
Project("{9A19103F-16F7-4668-BE54-9A1E7A4F7556}") = "CS321_W4D2_ExerciseLogAPI", "CS321_W4D2_ExerciseLogAPI\CS321_W4D2_ExerciseLogAPI.csproj", "{ABA5FF78-BCA2-4226-9503-38356F4006A0}"
EndProject
Project("{FAE04EC0-301F-11D3-BF4B-00C04F79EFBC}") = "ExerciseLogAPI.Core", "ExerciseLogAPI.Core\ExerciseLogAPI.Core.csproj", "{4478FB3C-F19E-45DF-AC04-528CD95FD94C}"
EndProject
Project("{FAE04EC0-301F-11D3-BF4B-00C04F79EFBC}") = "ExerciseLogAPI.Infrastructure", "ExerciseLogAPI.Infrastructure\ExerciseLogAPI.Infrastructure.csproj", "{35503C46-863A-41B4-8CB8-A1961528C3CF}"
EndProject
Global
	GlobalSection(SolutionConfigurationPlatforms) = preSolution
		Debug|Any CPU = Debug|Any CPU
		Release|Any CPU = Release|Any CPU
	EndGlobalSection
	GlobalSection(ProjectConfigurationPlatforms) = postSolution
		{ABA5FF78-BCA2-4226-9503-38356F4006A0}.Debug|Any CPU.ActiveCfg = Debug|Any CPU
		{ABA5FF78-BCA2-4226-9503-38356F4006A0}.Debug|Any CPU.Build.0 = Debug|Any CPU
		{ABA5FF78-BCA2-4226-9503-38356F4006A0}.Release|Any CPU.ActiveCfg = Release|Any CPU
		{ABA5FF78-BCA2-4226-9503-38356F4006A0}.Release|Any CPU.Build.0 = Release|Any CPU
		{4478FB3C-F19E-45DF-AC04-528CD95FD94C}.Debug|Any CPU.ActiveCfg = Debug|Any CPU
		{4478FB3C-F19E-45DF-AC04-528CD95FD94C}.Debug|Any CPU.Build.0 = Debug|Any CPU
		{4478FB3C-F19E-45DF-AC04-528CD95FD94C}.Release|Any CPU.ActiveCfg = Release|Any CPU
		{4478FB3C-F19E-45DF-AC04-528CD95FD94C}.Release|Any CPU.Build.0 = Release|Any CPU
		{35503C46-863A-41B4-8CB8-A1961528C3CF}.Debug|Any CPU.ActiveCfg = Debug|Any CPU
		{35503C46-863A-41B4-8CB8-A1961528C3CF}.Debug|Any CPU.Build.0 = Debug|Any CPU
		{35503C46-863A-41B4-8CB8-A1961528C3CF}.Release|Any CPU.ActiveCfg = Release|Any CPU
		{35503C46-863A-41B4-8CB8-A1961528C3CF}.Release|Any CPU.Build.0 = Release|Any CPU
	EndGlobalSection
	GlobalSection(SolutionProperties) = preSolution
		HideSolutionNode = FALSE
	EndGlobalSection
	GlobalSection(ExtensibilityGlobals) = postSolution
		SolutionGuid = {B8464418-7060-4E93-99A4-2D0843B9D2D4}
	EndGlobalSection
EndGlobal
